
Microsoft Visual Studio Solution File, Format Version 12.00
# Visual Studio Version 16
VisualStudioVersion = 16.0.30225.117
MinimumVisualStudioVersion = 10.0.40219.1
Project("{2150E333-8FDC-42A3-9474-1A3956D46DE8}") = "src", "src", "{44FF3964-AFE9-4869-AE3C-0CA316CEE4FE}"
EndProject
Project("{2150E333-8FDC-42A3-9474-1A3956D46DE8}") = "Core", "Core", "{DA392393-FA3C-4D41-8BE5-9CF758F0313B}"
EndProject
Project("{2150E333-8FDC-42A3-9474-1A3956D46DE8}") = "Presentation", "Presentation", "{DA70707F-A2EC-449E-ABBA-408F220CE65C}"
EndProject
Project("{9A19103F-16F7-4668-BE54-9A1E7A4F7556}") = "GakkoBackend.Domain", "GakkoBackend.Domain\GakkoBackend.Domain.csproj", "{E620A72C-9101-4C35-B51C-F64FA5CC16AB}"
EndProject
Project("{9A19103F-16F7-4668-BE54-9A1E7A4F7556}") = "GakkoBackend.Persistence", "GakkoBackend.Persistence\GakkoBackend.Persistence.csproj", "{0A0D32B2-7E7A-4B14-8E3B-6C623222A096}"
EndProject
Project("{2150E333-8FDC-42A3-9474-1A3956D46DE8}") = "Infrastructure", "Infrastructure", "{4C7744DD-55EA-4A3E-9D8C-90D4E7116809}"
EndProject
Project("{9A19103F-16F7-4668-BE54-9A1E7A4F7556}") = "GakkoBackend.Application", "GakkoBackend.Application\GakkoBackend.Application.csproj", "{10FF1993-E7DA-4804-8BBF-1544D13FD844}"
EndProject
Project("{9A19103F-16F7-4668-BE54-9A1E7A4F7556}") = "GakkoBackend.Shared", "GakkoBackend.Shared\GakkoBackend.Shared.csproj", "{EDBE8FDD-2ECF-4B30-B3DC-396D814C0B83}"
EndProject
Project("{2150E333-8FDC-42A3-9474-1A3956D46DE8}") = "Tests", "Tests", "{AD911F0B-9366-4F96-AFC4-88AD5DE8CB64}"
EndProject
Project("{FAE04EC0-301F-11D3-BF4B-00C04F79EFBC}") = "GakkoBackend.API.Tests", "GakkoBackend.API.Tests\GakkoBackend.API.Tests.csproj", "{17439500-42B9-4CBA-A8DF-639EDC872EB5}"
EndProject
Project("{FAE04EC0-301F-11D3-BF4B-00C04F79EFBC}") = "GakkoBackend.API", "GakkoBackend.API\GakkoBackend.API.csproj", "{347FC80F-77C1-4795-B2B9-02617F8B760F}"
EndProject
Global
	GlobalSection(SolutionConfigurationPlatforms) = preSolution
		Debug|Any CPU = Debug|Any CPU
		Release|Any CPU = Release|Any CPU
	EndGlobalSection
	GlobalSection(ProjectConfigurationPlatforms) = postSolution
		{E620A72C-9101-4C35-B51C-F64FA5CC16AB}.Debug|Any CPU.ActiveCfg = Debug|Any CPU
		{E620A72C-9101-4C35-B51C-F64FA5CC16AB}.Debug|Any CPU.Build.0 = Debug|Any CPU
		{E620A72C-9101-4C35-B51C-F64FA5CC16AB}.Release|Any CPU.ActiveCfg = Release|Any CPU
		{E620A72C-9101-4C35-B51C-F64FA5CC16AB}.Release|Any CPU.Build.0 = Release|Any CPU
		{0A0D32B2-7E7A-4B14-8E3B-6C623222A096}.Debug|Any CPU.ActiveCfg = Debug|Any CPU
		{0A0D32B2-7E7A-4B14-8E3B-6C623222A096}.Debug|Any CPU.Build.0 = Debug|Any CPU
		{0A0D32B2-7E7A-4B14-8E3B-6C623222A096}.Release|Any CPU.ActiveCfg = Release|Any CPU
		{0A0D32B2-7E7A-4B14-8E3B-6C623222A096}.Release|Any CPU.Build.0 = Release|Any CPU
		{10FF1993-E7DA-4804-8BBF-1544D13FD844}.Debug|Any CPU.ActiveCfg = Debug|Any CPU
		{10FF1993-E7DA-4804-8BBF-1544D13FD844}.Debug|Any CPU.Build.0 = Debug|Any CPU
		{10FF1993-E7DA-4804-8BBF-1544D13FD844}.Release|Any CPU.ActiveCfg = Release|Any CPU
		{10FF1993-E7DA-4804-8BBF-1544D13FD844}.Release|Any CPU.Build.0 = Release|Any CPU
		{EDBE8FDD-2ECF-4B30-B3DC-396D814C0B83}.Debug|Any CPU.ActiveCfg = Debug|Any CPU
		{EDBE8FDD-2ECF-4B30-B3DC-396D814C0B83}.Debug|Any CPU.Build.0 = Debug|Any CPU
		{EDBE8FDD-2ECF-4B30-B3DC-396D814C0B83}.Release|Any CPU.ActiveCfg = Release|Any CPU
		{EDBE8FDD-2ECF-4B30-B3DC-396D814C0B83}.Release|Any CPU.Build.0 = Release|Any CPU
		{17439500-42B9-4CBA-A8DF-639EDC872EB5}.Debug|Any CPU.ActiveCfg = Debug|Any CPU
		{17439500-42B9-4CBA-A8DF-639EDC872EB5}.Debug|Any CPU.Build.0 = Debug|Any CPU
		{17439500-42B9-4CBA-A8DF-639EDC872EB5}.Release|Any CPU.ActiveCfg = Release|Any CPU
		{17439500-42B9-4CBA-A8DF-639EDC872EB5}.Release|Any CPU.Build.0 = Release|Any CPU
		{347FC80F-77C1-4795-B2B9-02617F8B760F}.Debug|Any CPU.ActiveCfg = Debug|Any CPU
		{347FC80F-77C1-4795-B2B9-02617F8B760F}.Debug|Any CPU.Build.0 = Debug|Any CPU
		{347FC80F-77C1-4795-B2B9-02617F8B760F}.Release|Any CPU.ActiveCfg = Release|Any CPU
		{347FC80F-77C1-4795-B2B9-02617F8B760F}.Release|Any CPU.Build.0 = Release|Any CPU
	EndGlobalSection
	GlobalSection(SolutionProperties) = preSolution
		HideSolutionNode = FALSE
	EndGlobalSection
	GlobalSection(NestedProjects) = preSolution
		{DA392393-FA3C-4D41-8BE5-9CF758F0313B} = {44FF3964-AFE9-4869-AE3C-0CA316CEE4FE}
		{DA70707F-A2EC-449E-ABBA-408F220CE65C} = {44FF3964-AFE9-4869-AE3C-0CA316CEE4FE}
		{E620A72C-9101-4C35-B51C-F64FA5CC16AB} = {DA392393-FA3C-4D41-8BE5-9CF758F0313B}
		{0A0D32B2-7E7A-4B14-8E3B-6C623222A096} = {4C7744DD-55EA-4A3E-9D8C-90D4E7116809}
		{4C7744DD-55EA-4A3E-9D8C-90D4E7116809} = {44FF3964-AFE9-4869-AE3C-0CA316CEE4FE}
		{10FF1993-E7DA-4804-8BBF-1544D13FD844} = {DA392393-FA3C-4D41-8BE5-9CF758F0313B}
		{EDBE8FDD-2ECF-4B30-B3DC-396D814C0B83} = {DA392393-FA3C-4D41-8BE5-9CF758F0313B}
		{AD911F0B-9366-4F96-AFC4-88AD5DE8CB64} = {44FF3964-AFE9-4869-AE3C-0CA316CEE4FE}
		{17439500-42B9-4CBA-A8DF-639EDC872EB5} = {AD911F0B-9366-4F96-AFC4-88AD5DE8CB64}
		{347FC80F-77C1-4795-B2B9-02617F8B760F} = {DA70707F-A2EC-449E-ABBA-408F220CE65C}
	EndGlobalSection
	GlobalSection(ExtensibilityGlobals) = postSolution
		SolutionGuid = {1811CEA5-BC0B-405C-8A2B-25FDC3F6F64B}
	EndGlobalSection
EndGlobal
